
Microsoft Visual Studio Solution File, Format Version 12.00
# Visual Studio Version 17
VisualStudioVersion = 17.13.35825.156 d17.13
MinimumVisualStudioVersion = 10.0.40219.1
Project("{FAE04EC0-301F-11D3-BF4B-00C04F79EFBC}") = "VisualNovel", "VisualNovel\VisualNovel.csproj", "{75ABAEA5-A251-4D48-8678-E62AE29CA588}"
EndProject
Global
	GlobalSection(SolutionConfigurationPlatforms) = preSolution
		Debug|Any CPU = Debug|Any CPU
		Release|Any CPU = Release|Any CPU
	EndGlobalSection
	GlobalSection(ProjectConfigurationPlatforms) = postSolution
		{75ABAEA5-A251-4D48-8678-E62AE29CA588}.Debug|Any CPU.ActiveCfg = Debug|Any CPU
		{75ABAEA5-A251-4D48-8678-E62AE29CA588}.Debug|Any CPU.Build.0 = Debug|Any CPU
		{75ABAEA5-A251-4D48-8678-E62AE29CA588}.Release|Any CPU.ActiveCfg = Release|Any CPU
		{75ABAEA5-A251-4D48-8678-E62AE29CA588}.Release|Any CPU.Build.0 = Release|Any CPU
	EndGlobalSection
	GlobalSection(SolutionProperties) = preSolution
		HideSolutionNode = FALSE
	EndGlobalSection
	GlobalSection(ExtensibilityGlobals) = postSolution
		SolutionGuid = {3BC79287-819A-4CAC-A825-B2DD3E033672}
	EndGlobalSection
EndGlobal
